
Microsoft Visual Studio Solution File, Format Version 12.00
# Visual Studio Version 16
VisualStudioVersion = 16.0.32510.428
MinimumVisualStudioVersion = 10.0.40219.1
Project("{FAE04EC0-301F-11D3-BF4B-00C04F79EFBC}") = "ClassLibraryDates", "ClassLibraryDates\ClassLibraryDates.csproj", "{65D835C9-A9AB-4D42-B95C-4C743B24DFAC}"
EndProject
Global
	GlobalSection(SolutionConfigurationPlatforms) = preSolution
		Debug|Any CPU = Debug|Any CPU
		Release|Any CPU = Release|Any CPU
	EndGlobalSection
	GlobalSection(ProjectConfigurationPlatforms) = postSolution
		{65D835C9-A9AB-4D42-B95C-4C743B24DFAC}.Debug|Any CPU.ActiveCfg = Debug|Any CPU
		{65D835C9-A9AB-4D42-B95C-4C743B24DFAC}.Debug|Any CPU.Build.0 = Debug|Any CPU
		{65D835C9-A9AB-4D42-B95C-4C743B24DFAC}.Release|Any CPU.ActiveCfg = Release|Any CPU
		{65D835C9-A9AB-4D42-B95C-4C743B24DFAC}.Release|Any CPU.Build.0 = Release|Any CPU
	EndGlobalSection
	GlobalSection(SolutionProperties) = preSolution
		HideSolutionNode = FALSE
	EndGlobalSection
	GlobalSection(ExtensibilityGlobals) = postSolution
		SolutionGuid = {C2338647-A34D-45A3-BAA1-84E8E2D96A2C}
	EndGlobalSection
EndGlobal
